{
  "nodes": {
    "fetch-catppuccin-ytmusic": {
      "flake": false,
      "locked": {
        "lastModified": 1762458561,
        "narHash": "sha256-K5iwNBA/6/JDmmt/u9Dnsk0lvWY12YpY+BIScrRaDGw=",
        "owner": "catppuccin",
        "repo": "youtubemusic",
        "rev": "dc35fc46232e389ff761adec8242f956af405880",
        "type": "github"
      },
      "original": {
        "owner": "catppuccin",
        "repo": "youtubemusic",
        "type": "github"
      }
    },
    "home-manager": {
      "inputs": {
        "nixpkgs": [
          "nixpkgs"
        ]
      },
      "locked": {
        "lastModified": 1768707181,
        "narHash": "sha256-GdwFfnwdUgABFpc4sAmX7GYx8eQs6cEjOPo6nBJ0YaI=",
        "owner": "nix-community",
        "repo": "home-manager",
        "rev": "83bcb17377f0242376a327e742e9404e9a528647",
        "type": "github"
      },
      "original": {
        "owner": "nix-community",
        "repo": "home-manager",
        "type": "github"
      }
    },
    "nixpkgs": {
      "locked": {
        "lastModified": 1768564909,
        "narHash": "sha256-Kell/SpJYVkHWMvnhqJz/8DqQg2b6PguxVWOuadbHCc=",
        "owner": "NixOS",
        "repo": "nixpkgs",
        "rev": "e4bae1bd10c9c57b2cf517953ab70060a828ee6f",
        "type": "github"
      },
      "original": {
        "owner": "NixOS",
        "ref": "nixos-unstable",
        "repo": "nixpkgs",
        "type": "github"
      }
    },
    "root": {
      "inputs": {
        "fetch-catppuccin-ytmusic": "fetch-catppuccin-ytmusic",
        "home-manager": "home-manager",
        "nixpkgs": "nixpkgs"
      }
    }
  },
  "root": "root",
  "version": 7
}
