{
  "nodes": {
    "fetch-catppuccin-grub": {
      "flake": false,
      "locked": {
        "lastModified": 1752224239,
        "narHash": "sha256-jgM22pvCQvb0bjQQXoiqGMgScR9AgCK3OfDF5Ud+/mk=",
        "owner": "catppuccin",
        "repo": "grub",
        "rev": "0a37ab19f654e77129b409fed371891c01ffd0b9",
        "type": "github"
      },
      "original": {
        "owner": "catppuccin",
        "repo": "grub",
        "type": "github"
      }
    },
    "fetch-catppuccin-plymouth": {
      "flake": false,
      "locked": {
        "lastModified": 1777362475,
        "narHash": "sha256-2hGe8VOj1EhpwX51q8AcTfuVBByEHskBj89FX5YZqXc=",
        "owner": "catppuccin",
        "repo": "plymouth",
        "rev": "198eba2071d80e4a23b8f51a5859e8f4acf8de6c",
        "type": "github"
      },
      "original": {
        "owner": "catppuccin",
        "repo": "plymouth",
        "type": "github"
      }
    },
    "fetch-catppuccin-ytmusic": {
      "flake": false,
      "locked": {
        "lastModified": 1762458561,
        "narHash": "sha256-K5iwNBA/6/JDmmt/u9Dnsk0lvWY12YpY+BIScrRaDGw=",
        "owner": "catppuccin",
        "repo": "youtubemusic",
        "rev": "dc35fc46232e389ff761adec8242f956af405880",
        "type": "github"
      },
      "original": {
        "owner": "catppuccin",
        "repo": "youtubemusic",
        "type": "github"
      }
    },
    "home-manager": {
      "inputs": {
        "nixpkgs": [
          "nixpkgs"
        ]
      },
      "locked": {
        "lastModified": 1786031233,
        "narHash": "sha256-TIDlLTLI1/pB7IqgjzcKQjpODQsZE2oII4XGG9B6KjI=",
        "owner": "nix-community",
        "repo": "home-manager",
        "rev": "7834e82588860aaf780cec1366524456a70898d7",
        "type": "github"
      },
      "original": {
        "owner": "nix-community",
        "repo": "home-manager",
        "type": "github"
      }
    },
    "nixpkgs": {
      "locked": {
        "lastModified": 1785967620,
        "narHash": "sha256-IItrdb7Puk05RqOBWZYFC5X6Wl1sJmCfh5MWVHw5iMM=",
        "owner": "NixOS",
        "repo": "nixpkgs",
        "rev": "b7c2ada94fe99c15b0dbcf4d11fd7850b957a436",
        "type": "github"
      },
      "original": {
        "owner": "NixOS",
        "ref": "nixos-unstable",
        "repo": "nixpkgs",
        "type": "github"
      }
    },
    "root": {
      "inputs": {
        "fetch-catppuccin-grub": "fetch-catppuccin-grub",
        "fetch-catppuccin-plymouth": "fetch-catppuccin-plymouth",
        "fetch-catppuccin-ytmusic": "fetch-catppuccin-ytmusic",
        "home-manager": "home-manager",
        "nixpkgs": "nixpkgs"
      }
    }
  },
  "root": "root",
  "version": 7
}
